// !$*UTF8*$!
{
	archiveVersion = 1;
	classes = {
	};
	objectVersion = 56;
	objects = {

/* Begin PBXBuildFile section */
		1AC4B7AE2C1B5FD5003D7F49 /* SwiftUI_AppleFrameworksApp.swift in Sources */ = {isa = PBXBuildFile; fileRef = 1AC4B7AD2C1B5FD5003D7F49 /* SwiftUI_AppleFrameworksApp.swift */; };
		1AC4B7B22C1B5FD6003D7F49 /* Assets.xcassets in Resources */ = {isa = PBXBuildFile; fileRef = 1AC4B7B12C1B5FD6003D7F49 /* Assets.xcassets */; };
		1AC4B7B52C1B5FD6003D7F49 /* Preview Assets.xcassets in Resources */ = {isa = PBXBuildFile; fileRef = 1AC4B7B42C1B5FD6003D7F49 /* Preview Assets.xcassets */; };
		1AC4B7BC2C1B634A003D7F49 /* Framework.swift in Sources */ = {isa = PBXBuildFile; fileRef = 1AC4B7BB2C1B634A003D7F49 /* Framework.swift */; };
		1AC4B7BE2C1B652E003D7F49 /* FrameworkGridView.swift in Sources */ = {isa = PBXBuildFile; fileRef = 1AC4B7BD2C1B652E003D7F49 /* FrameworkGridView.swift */; };
		1ACE53A62C1C76D700132C7C /* FrameworkDetailView.swift in Sources */ = {isa = PBXBuildFile; fileRef = 1ACE53A52C1C76D700132C7C /* FrameworkDetailView.swift */; };
		1ACE53A82C1C78F000132C7C /* AFButton.swift in Sources */ = {isa = PBXBuildFile; fileRef = 1ACE53A72C1C78F000132C7C /* AFButton.swift */; };
		1ACE53AA2C1C7C9A00132C7C /* FrameworkGridViewModel.swift in Sources */ = {isa = PBXBuildFile; fileRef = 1ACE53A92C1C7C9A00132C7C /* FrameworkGridViewModel.swift */; };
		1ACE53AC2C1C82DD00132C7C /* SafariView.swift in Sources */ = {isa = PBXBuildFile; fileRef = 1ACE53AB2C1C82DD00132C7C /* SafariView.swift */; };
/* End PBXBuildFile section */

/* Begin PBXFileReference section */
		1AC4B7AA2C1B5FD5003D7F49 /* SwiftUI-AppleFrameworks.app */ = {isa = PBXFileReference; explicitFileType = wrapper.application; includeInIndex = 0; path = "SwiftUI-AppleFrameworks.app"; sourceTree = BUILT_PRODUCTS_DIR; };
		1AC4B7AD2C1B5FD5003D7F49 /* SwiftUI_AppleFrameworksApp.swift */ = {isa = PBXFileReference; lastKnownFileType = sourcecode.swift; path = SwiftUI_AppleFrameworksApp.swift; sourceTree = "<group>"; };
		1AC4B7B12C1B5FD6003D7F49 /* Assets.xcassets */ = {isa = PBXFileReference; lastKnownFileType = folder.assetcatalog; path = Assets.xcassets; sourceTree = "<group>"; };
		1AC4B7B42C1B5FD6003D7F49 /* Preview Assets.xcassets */ = {isa = PBXFileReference; lastKnownFileType = folder.assetcatalog; path = "Preview Assets.xcassets"; sourceTree = "<group>"; };
		1AC4B7BB2C1B634A003D7F49 /* Framework.swift */ = {isa = PBXFileReference; lastKnownFileType = sourcecode.swift; path = Framework.swift; sourceTree = "<group>"; };
		1AC4B7BD2C1B652E003D7F49 /* FrameworkGridView.swift */ = {isa = PBXFileReference; lastKnownFileType = sourcecode.swift; path = FrameworkGridView.swift; sourceTree = "<group>"; };
		1ACE53A52C1C76D700132C7C /* FrameworkDetailView.swift */ = {isa = PBXFileReference; lastKnownFileType = sourcecode.swift; path = FrameworkDetailView.swift; sourceTree = "<group>"; };
		1ACE53A72C1C78F000132C7C /* AFButton.swift */ = {isa = PBXFileReference; lastKnownFileType = sourcecode.swift; path = AFButton.swift; sourceTree = "<group>"; };
		1ACE53A92C1C7C9A00132C7C /* FrameworkGridViewModel.swift */ = {isa = PBXFileReference; lastKnownFileType = sourcecode.swift; path = FrameworkGridViewModel.swift; sourceTree = "<group>"; };
		1ACE53AB2C1C82DD00132C7C /* SafariView.swift */ = {isa = PBXFileReference; lastKnownFileType = sourcecode.swift; path = SafariView.swift; sourceTree = "<group>"; };
/* End PBXFileReference section */

/* Begin PBXFrameworksBuildPhase section */
		1AC4B7A72C1B5FD5003D7F49 /* Frameworks */ = {
			isa = PBXFrameworksBuildPhase;
			buildActionMask = 2147483647;
			files = (
			);
			runOnlyForDeploymentPostprocessing = 0;
		};
/* End PBXFrameworksBuildPhase section */

/* Begin PBXGroup section */
		1AC4B7A12C1B5FD5003D7F49 = {
			isa = PBXGroup;
			children = (
				1AC4B7AC2C1B5FD5003D7F49 /* SwiftUI-AppleFrameworks */,
				1AC4B7AB2C1B5FD5003D7F49 /* Products */,
			);
			sourceTree = "<group>";
		};
		1AC4B7AB2C1B5FD5003D7F49 /* Products */ = {
			isa = PBXGroup;
			children = (
				1AC4B7AA2C1B5FD5003D7F49 /* SwiftUI-AppleFrameworks.app */,
			);
			name = Products;
			sourceTree = "<group>";
		};
		1AC4B7AC2C1B5FD5003D7F49 /* SwiftUI-AppleFrameworks */ = {
			isa = PBXGroup;
			children = (
				1AC4B7AD2C1B5FD5003D7F49 /* SwiftUI_AppleFrameworksApp.swift */,
				1ACE53A92C1C7C9A00132C7C /* FrameworkGridViewModel.swift */,
				1AC4B7BD2C1B652E003D7F49 /* FrameworkGridView.swift */,
				1AC4B7BB2C1B634A003D7F49 /* Framework.swift */,
				1ACE53A52C1C76D700132C7C /* FrameworkDetailView.swift */,
				1ACE53A72C1C78F000132C7C /* AFButton.swift */,
				1ACE53AB2C1C82DD00132C7C /* SafariView.swift */,
				1AC4B7B12C1B5FD6003D7F49 /* Assets.xcassets */,
				1AC4B7B32C1B5FD6003D7F49 /* Preview Content */,
			);
			path = "SwiftUI-AppleFrameworks";
			sourceTree = "<group>";
		};
		1AC4B7B32C1B5FD6003D7F49 /* Preview Content */ = {
			isa = PBXGroup;
			children = (
				1AC4B7B42C1B5FD6003D7F49 /* Preview Assets.xcassets */,
			);
			path = "Preview Content";
			sourceTree = "<group>";
		};
/* End PBXGroup section */

/* Begin PBXNativeTarget section */
		1AC4B7A92C1B5FD5003D7F49 /* SwiftUI-AppleFrameworks */ = {
			isa = PBXNativeTarget;
			buildConfigurationList = 1AC4B7B82C1B5FD6003D7F49 /* Build configuration list for PBXNativeTarget "SwiftUI-AppleFrameworks" */;
			buildPhases = (
				1AC4B7A62C1B5FD5003D7F49 /* Sources */,
				1AC4B7A72C1B5FD5003D7F49 /* Frameworks */,
				1AC4B7A82C1B5FD5003D7F49 /* Resources */,
			);
			buildRules = (
			);
			dependencies = (
			);
			name = "SwiftUI-AppleFrameworks";
			productName = "SwiftUI-AppleFrameworks";
			productReference = 1AC4B7AA2C1B5FD5003D7F49 /* SwiftUI-AppleFrameworks.app */;
			productType = "com.apple.product-type.application";
		};
/* End PBXNativeTarget section */

/* Begin PBXProject section */
		1AC4B7A22C1B5FD5003D7F49 /* Project object */ = {
			isa = PBXProject;
			attributes = {
				BuildIndependentTargetsInParallel = 1;
				LastSwiftUpdateCheck = 1530;
				LastUpgradeCheck = 1530;
				TargetAttributes = {
					1AC4B7A92C1B5FD5003D7F49 = {
						CreatedOnToolsVersion = 15.3;
					};
				};
			};
			buildConfigurationList = 1AC4B7A52C1B5FD5003D7F49 /* Build configuration list for PBXProject "SwiftUI-AppleFrameworks" */;
			compatibilityVersion = "Xcode 14.0";
			developmentRegion = en;
			hasScannedForEncodings = 0;
			knownRegions = (
				en,
				Base,
			);
			mainGroup = 1AC4B7A12C1B5FD5003D7F49;
			productRefGroup = 1AC4B7AB2C1B5FD5003D7F49 /* Products */;
			projectDirPath = "";
			projectRoot = "";
			targets = (
				1AC4B7A92C1B5FD5003D7F49 /* SwiftUI-AppleFrameworks */,
			);
		};
/* End PBXProject section */

/* Begin PBXResourcesBuildPhase section */
		1AC4B7A82C1B5FD5003D7F49 /* Resources */ = {
			isa = PBXResourcesBuildPhase;
			buildActionMask = 2147483647;
			files = (
				1AC4B7B52C1B5FD6003D7F49 /* Preview Assets.xcassets in Resources */,
				1AC4B7B22C1B5FD6003D7F49 /* Assets.xcassets in Resources */,
			);
			runOnlyForDeploymentPostprocessing = 0;
		};
/* End PBXResourcesBuildPhase section */

/* Begin PBXSourcesBuildPhase section */
		1AC4B7A62C1B5FD5003D7F49 /* Sources */ = {
			isa = PBXSourcesBuildPhase;
			buildActionMask = 2147483647;
			files = (
				1ACE53A62C1C76D700132C7C /* FrameworkDetailView.swift in Sources */,
				1AC4B7BE2C1B652E003D7F49 /* FrameworkGridView.swift in Sources */,
				1AC4B7BC2C1B634A003D7F49 /* Framework.swift in Sources */,
				1ACE53A82C1C78F000132C7C /* AFButton.swift in Sources */,
				1AC4B7AE2C1B5FD5003D7F49 /* SwiftUI_AppleFrameworksApp.swift in Sources */,
				1ACE53AA2C1C7C9A00132C7C /* FrameworkGridViewModel.swift in Sources */,
				1ACE53AC2C1C82DD00132C7C /* SafariView.swift in Sources */,
			);
			runOnlyForDeploymentPostprocessing = 0;
		};
/* End PBXSourcesBuildPhase section */

/* Begin XCBuildConfiguration section */
		1AC4B7B62C1B5FD6003D7F49 /* Debug */ = {
			isa = XCBuildConfiguration;
			buildSettings = {
				ALWAYS_SEARCH_USER_PATHS = NO;
				ASSETCATALOG_COMPILER_GENERATE_SWIFT_ASSET_SYMBOL_EXTENSIONS = YES;
				CLANG_ANALYZER_NONNULL = YES;
				CLANG_ANALYZER_NUMBER_OBJECT_CONVERSION = YES_AGGRESSIVE;
				CLANG_CXX_LANGUAGE_STANDARD = "gnu++20";
				CLANG_ENABLE_MODULES = YES;
				CLANG_ENABLE_OBJC_ARC = YES;
				CLANG_ENABLE_OBJC_WEAK = YES;
				CLANG_WARN_BLOCK_CAPTURE_AUTORELEASING = YES;
				CLANG_WARN_BOOL_CONVERSION = YES;
				CLANG_WARN_COMMA = YES;
				CLANG_WARN_CONSTANT_CONVERSION = YES;
				CLANG_WARN_DEPRECATED_OBJC_IMPLEMENTATIONS = YES;
				CLANG_WARN_DIRECT_OBJC_ISA_USAGE = YES_ERROR;
				CLANG_WARN_DOCUMENTATION_COMMENTS = YES;
				CLANG_WARN_EMPTY_BODY = YES;
				CLANG_WARN_ENUM_CONVERSION = YES;
				CLANG_WARN_INFINITE_RECURSION = YES;
				CLANG_WARN_INT_CONVERSION = YES;
				CLANG_WARN_NON_LITERAL_NULL_CONVERSION = YES;
				CLANG_WARN_OBJC_IMPLICIT_RETAIN_SELF = YES;
				CLANG_WARN_OBJC_LITERAL_CONVERSION = YES;
				CLANG_WARN_OBJC_ROOT_CLASS = YES_ERROR;
				CLANG_WARN_QUOTED_INCLUDE_IN_FRAMEWORK_HEADER = YES;
				CLANG_WARN_RANGE_LOOP_ANALYSIS = YES;
				CLANG_WARN_STRICT_PROTOTYPES = YES;
				CLANG_WARN_SUSPICIOUS_MOVE = YES;
				CLANG_WARN_UNGUARDED_AVAILABILITY = YES_AGGRESSIVE;
				CLANG_WARN_UNREACHABLE_CODE = YES;
				CLANG_WARN__DUPLICATE_METHOD_MATCH = YES;
				COPY_PHASE_STRIP = NO;
				DEBUG_INFORMATION_FORMAT = dwarf;
				ENABLE_STRICT_OBJC_MSGSEND = YES;
				ENABLE_TESTABILITY = YES;
				ENABLE_USER_SCRIPT_SANDBOXING = YES;
				GCC_C_LANGUAGE_STANDARD = gnu17;
				GCC_DYNAMIC_NO_PIC = NO;
				GCC_NO_COMMON_BLOCKS = YES;
				GCC_OPTIMIZATION_LEVEL = 0;
				GCC_PREPROCESSOR_DEFINITIONS = (
					"DEBUG=1",
					"$(inherited)",
				);
				GCC_WARN_64_TO_32_BIT_CONVERSION = YES;
				GCC_WARN_ABOUT_RETURN_TYPE = YES_ERROR;
				GCC_WARN_UNDECLARED_SELECTOR = YES;
				GCC_WARN_UNINITIALIZED_AUTOS = YES_AGGRESSIVE;
				GCC_WARN_UNUSED_FUNCTION = YES;
				GCC_WARN_UNUSED_VARIABLE = YES;
				IPHONEOS_DEPLOYMENT_TARGET = 17.4;
				LOCALIZATION_PREFERS_STRING_CATALOGS = YES;
				MTL_ENABLE_DEBUG_INFO = INCLUDE_SOURCE;
				MTL_FAST_MATH = YES;
				ONLY_ACTIVE_ARCH = YES;
				SDKROOT = iphoneos;
				SWIFT_ACTIVE_COMPILATION_CONDITIONS = "DEBUG $(inherited)";
				SWIFT_OPTIMIZATION_LEVEL = "-Onone";
			};
			name = Debug;
		};
		1AC4B7B72C1B5FD6003D7F49 /* Release */ = {
			isa = XCBuildConfiguration;
			buildSettings = {
				ALWAYS_SEARCH_USER_PATHS = NO;
				ASSETCATALOG_COMPILER_GENERATE_SWIFT_ASSET_SYMBOL_EXTENSIONS = YES;
				CLANG_ANALYZER_NONNULL = YES;
				CLANG_ANALYZER_NUMBER_OBJECT_CONVERSION = YES_AGGRESSIVE;
				CLANG_CXX_LANGUAGE_STANDARD = "gnu++20";
				CLANG_ENABLE_MODULES = YES;
				CLANG_ENABLE_OBJC_ARC = YES;
				CLANG_ENABLE_OBJC_WEAK = YES;
				CLANG_WARN_BLOCK_CAPTURE_AUTORELEASING = YES;
				CLANG_WARN_BOOL_CONVERSION = YES;
				CLANG_WARN_COMMA = YES;
				CLANG_WARN_CONSTANT_CONVERSION = YES;
				CLANG_WARN_DEPRECATED_OBJC_IMPLEMENTATIONS = YES;
				CLANG_WARN_DIRECT_OBJC_ISA_USAGE = YES_ERROR;
				CLANG_WARN_DOCUMENTATION_COMMENTS = YES;
				CLANG_WARN_EMPTY_BODY = YES;
				CLANG_WARN_ENUM_CONVERSION = YES;
				CLANG_WARN_INFINITE_RECURSION = YES;
				CLANG_WARN_INT_CONVERSION = YES;
				CLANG_WARN_NON_LITERAL_NULL_CONVERSION = YES;
				CLANG_WARN_OBJC_IMPLICIT_RETAIN_SELF = YES;
				CLANG_WARN_OBJC_LITERAL_CONVERSION = YES;
				CLANG_WARN_OBJC_ROOT_CLASS = YES_ERROR;
				CLANG_WARN_QUOTED_INCLUDE_IN_FRAMEWORK_HEADER = YES;
				CLANG_WARN_RANGE_LOOP_ANALYSIS = YES;
				CLANG_WARN_STRICT_PROTOTYPES = YES;
				CLANG_WARN_SUSPICIOUS_MOVE = YES;
				CLANG_WARN_UNGUARDED_AVAILABILITY = YES_AGGRESSIVE;
				CLANG_WARN_UNREACHABLE_CODE = YES;
				CLANG_WARN__DUPLICATE_METHOD_MATCH = YES;
				COPY_PHASE_STRIP = NO;
				DEBUG_INFORMATION_FORMAT = "dwarf-with-dsym";
				ENABLE_NS_ASSERTIONS = NO;
				ENABLE_STRICT_OBJC_MSGSEND = YES;
				ENABLE_USER_SCRIPT_SANDBOXING = YES;
				GCC_C_LANGUAGE_STANDARD = gnu17;
				GCC_NO_COMMON_BLOCKS = YES;
				GCC_WARN_64_TO_32_BIT_CONVERSION = YES;
				GCC_WARN_ABOUT_RETURN_TYPE = YES_ERROR;
				GCC_WARN_UNDECLARED_SELECTOR = YES;
				GCC_WARN_UNINITIALIZED_AUTOS = YES_AGGRESSIVE;
				GCC_WARN_UNUSED_FUNCTION = YES;
				GCC_WARN_UNUSED_VARIABLE = YES;
				IPHONEOS_DEPLOYMENT_TARGET = 17.4;
				LOCALIZATION_PREFERS_STRING_CATALOGS = YES;
				MTL_ENABLE_DEBUG_INFO = NO;
				MTL_FAST_MATH = YES;
				SDKROOT = iphoneos;
				SWIFT_COMPILATION_MODE = wholemodule;
				VALIDATE_PRODUCT = YES;
			};
			name = Release;
		};
		1AC4B7B92C1B5FD6003D7F49 /* Debug */ = {
			isa = XCBuildConfiguration;
			buildSettings = {
				ASSETCATALOG_COMPILER_APPICON_NAME = AppIcon;
				ASSETCATALOG_COMPILER_GLOBAL_ACCENT_COLOR_NAME = AccentColor;
				CODE_SIGN_STYLE = Automatic;
				CURRENT_PROJECT_VERSION = 1;
				DEVELOPMENT_ASSET_PATHS = "\"SwiftUI-AppleFrameworks/Preview Content\"";
				DEVELOPMENT_TEAM = 4Q9AR3GVZA;
				ENABLE_PREVIEWS = YES;
				GENERATE_INFOPLIST_FILE = YES;
				INFOPLIST_KEY_UIApplicationSceneManifest_Generation = YES;
				INFOPLIST_KEY_UIApplicationSupportsIndirectInputEvents = YES;
				INFOPLIST_KEY_UILaunchScreen_Generation = YES;
				INFOPLIST_KEY_UISupportedInterfaceOrientations_iPad = "UIInterfaceOrientationPortrait UIInterfaceOrientationPortraitUpsideDown UIInterfaceOrientationLandscapeLeft UIInterfaceOrientationLandscapeRight";
				INFOPLIST_KEY_UISupportedInterfaceOrientations_iPhone = "UIInterfaceOrientationPortrait UIInterfaceOrientationLandscapeLeft UIInterfaceOrientationLandscapeRight";
				LD_RUNPATH_SEARCH_PATHS = (
					"$(inherited)",
					"@executable_path/Frameworks",
				);
				MARKETING_VERSION = 1.0;
				PRODUCT_BUNDLE_IDENTIFIER = "robert.SwiftUI-AppleFrameworks";
				PRODUCT_NAME = "$(TARGET_NAME)";
				SWIFT_EMIT_LOC_STRINGS = YES;
				SWIFT_VERSION = 5.0;
				TARGETED_DEVICE_FAMILY = "1,2";
			};
			name = Debug;
		};
		1AC4B7BA2C1B5FD6003D7F49 /* Release */ = {
			isa = XCBuildConfiguration;
			buildSettings = {
				ASSETCATALOG_COMPILER_APPICON_NAME = AppIcon;
				ASSETCATALOG_COMPILER_GLOBAL_ACCENT_COLOR_NAME = AccentColor;
				CODE_SIGN_STYLE = Automatic;
				CURRENT_PROJECT_VERSION = 1;
				DEVELOPMENT_ASSET_PATHS = "\"SwiftUI-AppleFrameworks/Preview Content\"";
				DEVELOPMENT_TEAM = 4Q9AR3GVZA;
				ENABLE_PREVIEWS = YES;
				GENERATE_INFOPLIST_FILE = YES;
				INFOPLIST_KEY_UIApplicationSceneManifest_Generation = YES;
				INFOPLIST_KEY_UIApplicationSupportsIndirectInputEvents = YES;
				INFOPLIST_KEY_UILaunchScreen_Generation = YES;
				INFOPLIST_KEY_UISupportedInterfaceOrientations_iPad = "UIInterfaceOrientationPortrait UIInterfaceOrientationPortraitUpsideDown UIInterfaceOrientationLandscapeLeft UIInterfaceOrientationLandscapeRight";
				INFOPLIST_KEY_UISupportedInterfaceOrientations_iPhone = "UIInterfaceOrientationPortrait UIInterfaceOrientationLandscapeLeft UIInterfaceOrientationLandscapeRight";
				LD_RUNPATH_SEARCH_PATHS = (
					"$(inherited)",
					"@executable_path/Frameworks",
				);
				MARKETING_VERSION = 1.0;
				PRODUCT_BUNDLE_IDENTIFIER = "robert.SwiftUI-AppleFrameworks";
				PRODUCT_NAME = "$(TARGET_NAME)";
				SWIFT_EMIT_LOC_STRINGS = YES;
				SWIFT_VERSION = 5.0;
				TARGETED_DEVICE_FAMILY = "1,2";
			};
			name = Release;
		};
/* End XCBuildConfiguration section */

/* Begin XCConfigurationList section */
		1AC4B7A52C1B5FD5003D7F49 /* Build configuration list for PBXProject "SwiftUI-AppleFrameworks" */ = {
			isa = XCConfigurationList;
			buildConfigurations = (
				1AC4B7B62C1B5FD6003D7F49 /* Debug */,
				1AC4B7B72C1B5FD6003D7F49 /* Release */,
			);
			defaultConfigurationIsVisible = 0;
			defaultConfigurationName = Release;
		};
		1AC4B7B82C1B5FD6003D7F49 /* Build configuration list for PBXNativeTarget "SwiftUI-AppleFrameworks" */ = {
			isa = XCConfigurationList;
			buildConfigurations = (
				1AC4B7B92C1B5FD6003D7F49 /* Debug */,
				1AC4B7BA2C1B5FD6003D7F49 /* Release */,
			);
			defaultConfigurationIsVisible = 0;
			defaultConfigurationName = Release;
		};
/* End XCConfigurationList section */
	};
	rootObject = 1AC4B7A22C1B5FD5003D7F49 /* Project object */;
}
