// !$*UTF8*$!
{
	archiveVersion = 1;
	classes = {
	};
	objectVersion = 56;
	objects = {

/* Begin PBXBuildFile section */
		1A33B4032C248E4F0046F863 /* NetworkManager.swift in Sources */ = {isa = PBXBuildFile; fileRef = 1A33B4022C248E4F0046F863 /* NetworkManager.swift */; };
		1A33B4052C248FF60046F863 /* APError.swift in Sources */ = {isa = PBXBuildFile; fileRef = 1A33B4042C248FF60046F863 /* APError.swift */; };
		1A33B4092C24A6F60046F863 /* AppetizerListViewModel.swift in Sources */ = {isa = PBXBuildFile; fileRef = 1A33B4082C24A6F60046F863 /* AppetizerListViewModel.swift */; };
		1A4A97902C21C9AE0062D914 /* AppetizersApp.swift in Sources */ = {isa = PBXBuildFile; fileRef = 1A4A978F2C21C9AE0062D914 /* AppetizersApp.swift */; };
		1A4A97922C21C9AE0062D914 /* AppetizerTabView.swift in Sources */ = {isa = PBXBuildFile; fileRef = 1A4A97912C21C9AE0062D914 /* AppetizerTabView.swift */; };
		1A4A97942C21C9AF0062D914 /* Assets.xcassets in Resources */ = {isa = PBXBuildFile; fileRef = 1A4A97932C21C9AF0062D914 /* Assets.xcassets */; };
		1A4A97972C21C9AF0062D914 /* Preview Assets.xcassets in Resources */ = {isa = PBXBuildFile; fileRef = 1A4A97962C21C9AF0062D914 /* Preview Assets.xcassets */; };
		1A4A979E2C21CA070062D914 /* AppetizerListView.swift in Sources */ = {isa = PBXBuildFile; fileRef = 1A4A979D2C21CA070062D914 /* AppetizerListView.swift */; };
		1A4A97A02C21CA0F0062D914 /* AccountView.swift in Sources */ = {isa = PBXBuildFile; fileRef = 1A4A979F2C21CA0F0062D914 /* AccountView.swift */; };
		1A4A97A32C21CA250062D914 /* OrderView.swift in Sources */ = {isa = PBXBuildFile; fileRef = 1A4A97A22C21CA250062D914 /* OrderView.swift */; };
		1A64405E2C25B32000B31504 /* Alert.swift in Sources */ = {isa = PBXBuildFile; fileRef = 1A64405D2C25B32000B31504 /* Alert.swift */; };
		1A6440602C25C9B400B31504 /* LoadingView.swift in Sources */ = {isa = PBXBuildFile; fileRef = 1A64405F2C25C9B400B31504 /* LoadingView.swift */; };
		1A88C7792C299080009D403E /* EmptyState.swift in Sources */ = {isa = PBXBuildFile; fileRef = 1A88C7782C299080009D403E /* EmptyState.swift */; };
		1A88C77B2C299459009D403E /* Order.swift in Sources */ = {isa = PBXBuildFile; fileRef = 1A88C77A2C299459009D403E /* Order.swift */; };
		1AA1C0252C269EBC00E7939B /* AppetizerDetailView.swift in Sources */ = {isa = PBXBuildFile; fileRef = 1AA1C0242C269EBC00E7939B /* AppetizerDetailView.swift */; };
		1AA1C0282C26AD4100E7939B /* APButton.swift in Sources */ = {isa = PBXBuildFile; fileRef = 1AA1C0272C26AD4100E7939B /* APButton.swift */; };
		1AA1C02A2C26AE0500E7939B /* XDismissButton.swift in Sources */ = {isa = PBXBuildFile; fileRef = 1AA1C0292C26AE0500E7939B /* XDismissButton.swift */; };
		1AB9ECA42C2310E7009587C4 /* Appetizer.swift in Sources */ = {isa = PBXBuildFile; fileRef = 1AB9ECA32C2310E7009587C4 /* Appetizer.swift */; };
		1AB9ECA62C231EDD009587C4 /* AppetizerListCell.swift in Sources */ = {isa = PBXBuildFile; fileRef = 1AB9ECA52C231EDD009587C4 /* AppetizerListCell.swift */; };
		1ACC19872C2AB7D400EEA820 /* Date+Ext.swift in Sources */ = {isa = PBXBuildFile; fileRef = 1ACC19862C2AB7D400EEA820 /* Date+Ext.swift */; };
		1AF51FBA2C2602400099804A /* RemoteImage.swift in Sources */ = {isa = PBXBuildFile; fileRef = 1AF51FB92C2602400099804A /* RemoteImage.swift */; };
		1AFF54902C27099900552A4E /* AccountViewModel.swift in Sources */ = {isa = PBXBuildFile; fileRef = 1AFF548F2C27099900552A4E /* AccountViewModel.swift */; };
		1AFF54932C270EE100552A4E /* String+Ext.swift in Sources */ = {isa = PBXBuildFile; fileRef = 1AFF54922C270EE100552A4E /* String+Ext.swift */; };
		1AFF54952C27161E00552A4E /* User.swift in Sources */ = {isa = PBXBuildFile; fileRef = 1AFF54942C27161E00552A4E /* User.swift */; };
/* End PBXBuildFile section */

/* Begin PBXFileReference section */
		1A33B4022C248E4F0046F863 /* NetworkManager.swift */ = {isa = PBXFileReference; lastKnownFileType = sourcecode.swift; path = NetworkManager.swift; sourceTree = "<group>"; };
		1A33B4042C248FF60046F863 /* APError.swift */ = {isa = PBXFileReference; lastKnownFileType = sourcecode.swift; path = APError.swift; sourceTree = "<group>"; };
		1A33B4082C24A6F60046F863 /* AppetizerListViewModel.swift */ = {isa = PBXFileReference; lastKnownFileType = sourcecode.swift; path = AppetizerListViewModel.swift; sourceTree = "<group>"; };
		1A4A978C2C21C9AE0062D914 /* Appetizers.app */ = {isa = PBXFileReference; explicitFileType = wrapper.application; includeInIndex = 0; path = Appetizers.app; sourceTree = BUILT_PRODUCTS_DIR; };
		1A4A978F2C21C9AE0062D914 /* AppetizersApp.swift */ = {isa = PBXFileReference; lastKnownFileType = sourcecode.swift; path = AppetizersApp.swift; sourceTree = "<group>"; };
		1A4A97912C21C9AE0062D914 /* AppetizerTabView.swift */ = {isa = PBXFileReference; lastKnownFileType = sourcecode.swift; path = AppetizerTabView.swift; sourceTree = "<group>"; };
		1A4A97932C21C9AF0062D914 /* Assets.xcassets */ = {isa = PBXFileReference; lastKnownFileType = folder.assetcatalog; path = Assets.xcassets; sourceTree = "<group>"; };
		1A4A97962C21C9AF0062D914 /* Preview Assets.xcassets */ = {isa = PBXFileReference; lastKnownFileType = folder.assetcatalog; path = "Preview Assets.xcassets"; sourceTree = "<group>"; };
		1A4A979D2C21CA070062D914 /* AppetizerListView.swift */ = {isa = PBXFileReference; lastKnownFileType = sourcecode.swift; path = AppetizerListView.swift; sourceTree = "<group>"; };
		1A4A979F2C21CA0F0062D914 /* AccountView.swift */ = {isa = PBXFileReference; lastKnownFileType = sourcecode.swift; path = AccountView.swift; sourceTree = "<group>"; };
		1A4A97A22C21CA250062D914 /* OrderView.swift */ = {isa = PBXFileReference; lastKnownFileType = sourcecode.swift; path = OrderView.swift; sourceTree = "<group>"; };
		1A64405D2C25B32000B31504 /* Alert.swift */ = {isa = PBXFileReference; lastKnownFileType = sourcecode.swift; path = Alert.swift; sourceTree = "<group>"; };
		1A64405F2C25C9B400B31504 /* LoadingView.swift */ = {isa = PBXFileReference; lastKnownFileType = sourcecode.swift; path = LoadingView.swift; sourceTree = "<group>"; };
		1A88C7782C299080009D403E /* EmptyState.swift */ = {isa = PBXFileReference; lastKnownFileType = sourcecode.swift; path = EmptyState.swift; sourceTree = "<group>"; };
		1A88C77A2C299459009D403E /* Order.swift */ = {isa = PBXFileReference; lastKnownFileType = sourcecode.swift; path = Order.swift; sourceTree = "<group>"; };
		1AA1C0242C269EBC00E7939B /* AppetizerDetailView.swift */ = {isa = PBXFileReference; lastKnownFileType = sourcecode.swift; path = AppetizerDetailView.swift; sourceTree = "<group>"; };
		1AA1C0272C26AD4100E7939B /* APButton.swift */ = {isa = PBXFileReference; lastKnownFileType = sourcecode.swift; path = APButton.swift; sourceTree = "<group>"; };
		1AA1C0292C26AE0500E7939B /* XDismissButton.swift */ = {isa = PBXFileReference; lastKnownFileType = sourcecode.swift; path = XDismissButton.swift; sourceTree = "<group>"; };
		1AB9ECA32C2310E7009587C4 /* Appetizer.swift */ = {isa = PBXFileReference; lastKnownFileType = sourcecode.swift; path = Appetizer.swift; sourceTree = "<group>"; };
		1AB9ECA52C231EDD009587C4 /* AppetizerListCell.swift */ = {isa = PBXFileReference; lastKnownFileType = sourcecode.swift; path = AppetizerListCell.swift; sourceTree = "<group>"; };
		1ACC19862C2AB7D400EEA820 /* Date+Ext.swift */ = {isa = PBXFileReference; lastKnownFileType = sourcecode.swift; path = "Date+Ext.swift"; sourceTree = "<group>"; };
		1AF51FB92C2602400099804A /* RemoteImage.swift */ = {isa = PBXFileReference; lastKnownFileType = sourcecode.swift; path = RemoteImage.swift; sourceTree = "<group>"; };
		1AFF548F2C27099900552A4E /* AccountViewModel.swift */ = {isa = PBXFileReference; lastKnownFileType = sourcecode.swift; path = AccountViewModel.swift; sourceTree = "<group>"; };
		1AFF54922C270EE100552A4E /* String+Ext.swift */ = {isa = PBXFileReference; lastKnownFileType = sourcecode.swift; path = "String+Ext.swift"; sourceTree = "<group>"; };
		1AFF54942C27161E00552A4E /* User.swift */ = {isa = PBXFileReference; lastKnownFileType = sourcecode.swift; path = User.swift; sourceTree = "<group>"; };
/* End PBXFileReference section */

/* Begin PBXFrameworksBuildPhase section */
		1A4A97892C21C9AE0062D914 /* Frameworks */ = {
			isa = PBXFrameworksBuildPhase;
			buildActionMask = 2147483647;
			files = (
			);
			runOnlyForDeploymentPostprocessing = 0;
		};
/* End PBXFrameworksBuildPhase section */

/* Begin PBXGroup section */
		1A4A97832C21C9AE0062D914 = {
			isa = PBXGroup;
			children = (
				1A4A978E2C21C9AE0062D914 /* Appetizers */,
				1A4A978D2C21C9AE0062D914 /* Products */,
			);
			sourceTree = "<group>";
		};
		1A4A978D2C21C9AE0062D914 /* Products */ = {
			isa = PBXGroup;
			children = (
				1A4A978C2C21C9AE0062D914 /* Appetizers.app */,
			);
			name = Products;
			sourceTree = "<group>";
		};
		1A4A978E2C21C9AE0062D914 /* Appetizers */ = {
			isa = PBXGroup;
			children = (
				1AA1C0232C2699FE00E7939B /* Model */,
				1AA1C0202C26999000E7939B /* Utilities */,
				1AA1C01C2C26992500E7939B /* Screens */,
				1A4A978F2C21C9AE0062D914 /* AppetizersApp.swift */,
				1A4A97932C21C9AF0062D914 /* Assets.xcassets */,
				1A4A97952C21C9AF0062D914 /* Preview Content */,
			);
			path = Appetizers;
			sourceTree = "<group>";
		};
		1A4A97952C21C9AF0062D914 /* Preview Content */ = {
			isa = PBXGroup;
			children = (
				1A4A97962C21C9AF0062D914 /* Preview Assets.xcassets */,
			);
			path = "Preview Content";
			sourceTree = "<group>";
		};
		1AA1C01C2C26992500E7939B /* Screens */ = {
			isa = PBXGroup;
			children = (
				1A88C7782C299080009D403E /* EmptyState.swift */,
				1A4A97912C21C9AE0062D914 /* AppetizerTabView.swift */,
				1A64405F2C25C9B400B31504 /* LoadingView.swift */,
				1AB9ECA52C231EDD009587C4 /* AppetizerListCell.swift */,
				1AF51FB92C2602400099804A /* RemoteImage.swift */,
				1AA1C01D2C26992D00E7939B /* AppetizerListView */,
				1AA1C01E2C26993700E7939B /* AccountView */,
				1AA1C01F2C26993E00E7939B /* OrderView */,
			);
			path = Screens;
			sourceTree = "<group>";
		};
		1AA1C01D2C26992D00E7939B /* AppetizerListView */ = {
			isa = PBXGroup;
			children = (
				1A33B4082C24A6F60046F863 /* AppetizerListViewModel.swift */,
				1A4A979D2C21CA070062D914 /* AppetizerListView.swift */,
				1AA1C0242C269EBC00E7939B /* AppetizerDetailView.swift */,
			);
			path = AppetizerListView;
			sourceTree = "<group>";
		};
		1AA1C01E2C26993700E7939B /* AccountView */ = {
			isa = PBXGroup;
			children = (
				1AFF548F2C27099900552A4E /* AccountViewModel.swift */,
				1A4A979F2C21CA0F0062D914 /* AccountView.swift */,
			);
			path = AccountView;
			sourceTree = "<group>";
		};
		1AA1C01F2C26993E00E7939B /* OrderView */ = {
			isa = PBXGroup;
			children = (
				1A4A97A22C21CA250062D914 /* OrderView.swift */,
			);
			path = OrderView;
			sourceTree = "<group>";
		};
		1AA1C0202C26999000E7939B /* Utilities */ = {
			isa = PBXGroup;
			children = (
				1AFF54912C270ED300552A4E /* Extensions */,
				1AA1C0262C26AD3400E7939B /* Buttons */,
				1AA1C0222C2699DB00E7939B /* Alerts */,
				1AA1C0212C26999900E7939B /* Managers */,
			);
			path = Utilities;
			sourceTree = "<group>";
		};
		1AA1C0212C26999900E7939B /* Managers */ = {
			isa = PBXGroup;
			children = (
				1A33B4022C248E4F0046F863 /* NetworkManager.swift */,
			);
			path = Managers;
			sourceTree = "<group>";
		};
		1AA1C0222C2699DB00E7939B /* Alerts */ = {
			isa = PBXGroup;
			children = (
				1A33B4042C248FF60046F863 /* APError.swift */,
				1A64405D2C25B32000B31504 /* Alert.swift */,
			);
			path = Alerts;
			sourceTree = "<group>";
		};
		1AA1C0232C2699FE00E7939B /* Model */ = {
			isa = PBXGroup;
			children = (
				1AB9ECA32C2310E7009587C4 /* Appetizer.swift */,
				1AFF54942C27161E00552A4E /* User.swift */,
				1A88C77A2C299459009D403E /* Order.swift */,
			);
			path = Model;
			sourceTree = "<group>";
		};
		1AA1C0262C26AD3400E7939B /* Buttons */ = {
			isa = PBXGroup;
			children = (
				1AA1C0272C26AD4100E7939B /* APButton.swift */,
				1AA1C0292C26AE0500E7939B /* XDismissButton.swift */,
			);
			path = Buttons;
			sourceTree = "<group>";
		};
		1AFF54912C270ED300552A4E /* Extensions */ = {
			isa = PBXGroup;
			children = (
				1AFF54922C270EE100552A4E /* String+Ext.swift */,
				1ACC19862C2AB7D400EEA820 /* Date+Ext.swift */,
			);
			path = Extensions;
			sourceTree = "<group>";
		};
/* End PBXGroup section */

/* Begin PBXNativeTarget section */
		1A4A978B2C21C9AE0062D914 /* Appetizers */ = {
			isa = PBXNativeTarget;
			buildConfigurationList = 1A4A979A2C21C9AF0062D914 /* Build configuration list for PBXNativeTarget "Appetizers" */;
			buildPhases = (
				1A4A97882C21C9AE0062D914 /* Sources */,
				1A4A97892C21C9AE0062D914 /* Frameworks */,
				1A4A978A2C21C9AE0062D914 /* Resources */,
			);
			buildRules = (
			);
			dependencies = (
			);
			name = Appetizers;
			productName = Appetizers;
			productReference = 1A4A978C2C21C9AE0062D914 /* Appetizers.app */;
			productType = "com.apple.product-type.application";
		};
/* End PBXNativeTarget section */

/* Begin PBXProject section */
		1A4A97842C21C9AE0062D914 /* Project object */ = {
			isa = PBXProject;
			attributes = {
				BuildIndependentTargetsInParallel = 1;
				LastSwiftUpdateCheck = 1530;
				LastUpgradeCheck = 1530;
				TargetAttributes = {
					1A4A978B2C21C9AE0062D914 = {
						CreatedOnToolsVersion = 15.3;
					};
				};
			};
			buildConfigurationList = 1A4A97872C21C9AE0062D914 /* Build configuration list for PBXProject "Appetizers" */;
			compatibilityVersion = "Xcode 14.0";
			developmentRegion = en;
			hasScannedForEncodings = 0;
			knownRegions = (
				en,
				Base,
			);
			mainGroup = 1A4A97832C21C9AE0062D914;
			productRefGroup = 1A4A978D2C21C9AE0062D914 /* Products */;
			projectDirPath = "";
			projectRoot = "";
			targets = (
				1A4A978B2C21C9AE0062D914 /* Appetizers */,
			);
		};
/* End PBXProject section */

/* Begin PBXResourcesBuildPhase section */
		1A4A978A2C21C9AE0062D914 /* Resources */ = {
			isa = PBXResourcesBuildPhase;
			buildActionMask = 2147483647;
			files = (
				1A4A97972C21C9AF0062D914 /* Preview Assets.xcassets in Resources */,
				1A4A97942C21C9AF0062D914 /* Assets.xcassets in Resources */,
			);
			runOnlyForDeploymentPostprocessing = 0;
		};
/* End PBXResourcesBuildPhase section */

/* Begin PBXSourcesBuildPhase section */
		1A4A97882C21C9AE0062D914 /* Sources */ = {
			isa = PBXSourcesBuildPhase;
			buildActionMask = 2147483647;
			files = (
				1AFF54932C270EE100552A4E /* String+Ext.swift in Sources */,
				1AB9ECA42C2310E7009587C4 /* Appetizer.swift in Sources */,
				1A33B4052C248FF60046F863 /* APError.swift in Sources */,
				1AB9ECA62C231EDD009587C4 /* AppetizerListCell.swift in Sources */,
				1AA1C0282C26AD4100E7939B /* APButton.swift in Sources */,
				1A33B4092C24A6F60046F863 /* AppetizerListViewModel.swift in Sources */,
				1A88C77B2C299459009D403E /* Order.swift in Sources */,
				1A4A97A02C21CA0F0062D914 /* AccountView.swift in Sources */,
				1A88C7792C299080009D403E /* EmptyState.swift in Sources */,
				1A6440602C25C9B400B31504 /* LoadingView.swift in Sources */,
				1AF51FBA2C2602400099804A /* RemoteImage.swift in Sources */,
				1A4A97922C21C9AE0062D914 /* AppetizerTabView.swift in Sources */,
				1AA1C0252C269EBC00E7939B /* AppetizerDetailView.swift in Sources */,
				1A33B4032C248E4F0046F863 /* NetworkManager.swift in Sources */,
				1A4A97902C21C9AE0062D914 /* AppetizersApp.swift in Sources */,
				1A64405E2C25B32000B31504 /* Alert.swift in Sources */,
				1A4A979E2C21CA070062D914 /* AppetizerListView.swift in Sources */,
				1ACC19872C2AB7D400EEA820 /* Date+Ext.swift in Sources */,
				1A4A97A32C21CA250062D914 /* OrderView.swift in Sources */,
				1AFF54902C27099900552A4E /* AccountViewModel.swift in Sources */,
				1AA1C02A2C26AE0500E7939B /* XDismissButton.swift in Sources */,
				1AFF54952C27161E00552A4E /* User.swift in Sources */,
			);
			runOnlyForDeploymentPostprocessing = 0;
		};
/* End PBXSourcesBuildPhase section */

/* Begin XCBuildConfiguration section */
		1A4A97982C21C9AF0062D914 /* Debug */ = {
			isa = XCBuildConfiguration;
			buildSettings = {
				ALWAYS_SEARCH_USER_PATHS = NO;
				ASSETCATALOG_COMPILER_GENERATE_SWIFT_ASSET_SYMBOL_EXTENSIONS = YES;
				CLANG_ANALYZER_NONNULL = YES;
				CLANG_ANALYZER_NUMBER_OBJECT_CONVERSION = YES_AGGRESSIVE;
				CLANG_CXX_LANGUAGE_STANDARD = "gnu++20";
				CLANG_ENABLE_MODULES = YES;
				CLANG_ENABLE_OBJC_ARC = YES;
				CLANG_ENABLE_OBJC_WEAK = YES;
				CLANG_WARN_BLOCK_CAPTURE_AUTORELEASING = YES;
				CLANG_WARN_BOOL_CONVERSION = YES;
				CLANG_WARN_COMMA = YES;
				CLANG_WARN_CONSTANT_CONVERSION = YES;
				CLANG_WARN_DEPRECATED_OBJC_IMPLEMENTATIONS = YES;
				CLANG_WARN_DIRECT_OBJC_ISA_USAGE = YES_ERROR;
				CLANG_WARN_DOCUMENTATION_COMMENTS = YES;
				CLANG_WARN_EMPTY_BODY = YES;
				CLANG_WARN_ENUM_CONVERSION = YES;
				CLANG_WARN_INFINITE_RECURSION = YES;
				CLANG_WARN_INT_CONVERSION = YES;
				CLANG_WARN_NON_LITERAL_NULL_CONVERSION = YES;
				CLANG_WARN_OBJC_IMPLICIT_RETAIN_SELF = YES;
				CLANG_WARN_OBJC_LITERAL_CONVERSION = YES;
				CLANG_WARN_OBJC_ROOT_CLASS = YES_ERROR;
				CLANG_WARN_QUOTED_INCLUDE_IN_FRAMEWORK_HEADER = YES;
				CLANG_WARN_RANGE_LOOP_ANALYSIS = YES;
				CLANG_WARN_STRICT_PROTOTYPES = YES;
				CLANG_WARN_SUSPICIOUS_MOVE = YES;
				CLANG_WARN_UNGUARDED_AVAILABILITY = YES_AGGRESSIVE;
				CLANG_WARN_UNREACHABLE_CODE = YES;
				CLANG_WARN__DUPLICATE_METHOD_MATCH = YES;
				COPY_PHASE_STRIP = NO;
				DEBUG_INFORMATION_FORMAT = dwarf;
				ENABLE_STRICT_OBJC_MSGSEND = YES;
				ENABLE_TESTABILITY = YES;
				ENABLE_USER_SCRIPT_SANDBOXING = YES;
				GCC_C_LANGUAGE_STANDARD = gnu17;
				GCC_DYNAMIC_NO_PIC = NO;
				GCC_NO_COMMON_BLOCKS = YES;
				GCC_OPTIMIZATION_LEVEL = 0;
				GCC_PREPROCESSOR_DEFINITIONS = (
					"DEBUG=1",
					"$(inherited)",
				);
				GCC_WARN_64_TO_32_BIT_CONVERSION = YES;
				GCC_WARN_ABOUT_RETURN_TYPE = YES_ERROR;
				GCC_WARN_UNDECLARED_SELECTOR = YES;
				GCC_WARN_UNINITIALIZED_AUTOS = YES_AGGRESSIVE;
				GCC_WARN_UNUSED_FUNCTION = YES;
				GCC_WARN_UNUSED_VARIABLE = YES;
				IPHONEOS_DEPLOYMENT_TARGET = 17.4;
				LOCALIZATION_PREFERS_STRING_CATALOGS = YES;
				MTL_ENABLE_DEBUG_INFO = INCLUDE_SOURCE;
				MTL_FAST_MATH = YES;
				ONLY_ACTIVE_ARCH = YES;
				SDKROOT = iphoneos;
				SWIFT_ACTIVE_COMPILATION_CONDITIONS = "DEBUG $(inherited)";
				SWIFT_OPTIMIZATION_LEVEL = "-Onone";
			};
			name = Debug;
		};
		1A4A97992C21C9AF0062D914 /* Release */ = {
			isa = XCBuildConfiguration;
			buildSettings = {
				ALWAYS_SEARCH_USER_PATHS = NO;
				ASSETCATALOG_COMPILER_GENERATE_SWIFT_ASSET_SYMBOL_EXTENSIONS = YES;
				CLANG_ANALYZER_NONNULL = YES;
				CLANG_ANALYZER_NUMBER_OBJECT_CONVERSION = YES_AGGRESSIVE;
				CLANG_CXX_LANGUAGE_STANDARD = "gnu++20";
				CLANG_ENABLE_MODULES = YES;
				CLANG_ENABLE_OBJC_ARC = YES;
				CLANG_ENABLE_OBJC_WEAK = YES;
				CLANG_WARN_BLOCK_CAPTURE_AUTORELEASING = YES;
				CLANG_WARN_BOOL_CONVERSION = YES;
				CLANG_WARN_COMMA = YES;
				CLANG_WARN_CONSTANT_CONVERSION = YES;
				CLANG_WARN_DEPRECATED_OBJC_IMPLEMENTATIONS = YES;
				CLANG_WARN_DIRECT_OBJC_ISA_USAGE = YES_ERROR;
				CLANG_WARN_DOCUMENTATION_COMMENTS = YES;
				CLANG_WARN_EMPTY_BODY = YES;
				CLANG_WARN_ENUM_CONVERSION = YES;
				CLANG_WARN_INFINITE_RECURSION = YES;
				CLANG_WARN_INT_CONVERSION = YES;
				CLANG_WARN_NON_LITERAL_NULL_CONVERSION = YES;
				CLANG_WARN_OBJC_IMPLICIT_RETAIN_SELF = YES;
				CLANG_WARN_OBJC_LITERAL_CONVERSION = YES;
				CLANG_WARN_OBJC_ROOT_CLASS = YES_ERROR;
				CLANG_WARN_QUOTED_INCLUDE_IN_FRAMEWORK_HEADER = YES;
				CLANG_WARN_RANGE_LOOP_ANALYSIS = YES;
				CLANG_WARN_STRICT_PROTOTYPES = YES;
				CLANG_WARN_SUSPICIOUS_MOVE = YES;
				CLANG_WARN_UNGUARDED_AVAILABILITY = YES_AGGRESSIVE;
				CLANG_WARN_UNREACHABLE_CODE = YES;
				CLANG_WARN__DUPLICATE_METHOD_MATCH = YES;
				COPY_PHASE_STRIP = NO;
				DEBUG_INFORMATION_FORMAT = "dwarf-with-dsym";
				ENABLE_NS_ASSERTIONS = NO;
				ENABLE_STRICT_OBJC_MSGSEND = YES;
				ENABLE_USER_SCRIPT_SANDBOXING = YES;
				GCC_C_LANGUAGE_STANDARD = gnu17;
				GCC_NO_COMMON_BLOCKS = YES;
				GCC_WARN_64_TO_32_BIT_CONVERSION = YES;
				GCC_WARN_ABOUT_RETURN_TYPE = YES_ERROR;
				GCC_WARN_UNDECLARED_SELECTOR = YES;
				GCC_WARN_UNINITIALIZED_AUTOS = YES_AGGRESSIVE;
				GCC_WARN_UNUSED_FUNCTION = YES;
				GCC_WARN_UNUSED_VARIABLE = YES;
				IPHONEOS_DEPLOYMENT_TARGET = 17.4;
				LOCALIZATION_PREFERS_STRING_CATALOGS = YES;
				MTL_ENABLE_DEBUG_INFO = NO;
				MTL_FAST_MATH = YES;
				SDKROOT = iphoneos;
				SWIFT_COMPILATION_MODE = wholemodule;
				VALIDATE_PRODUCT = YES;
			};
			name = Release;
		};
		1A4A979B2C21C9AF0062D914 /* Debug */ = {
			isa = XCBuildConfiguration;
			buildSettings = {
				ASSETCATALOG_COMPILER_APPICON_NAME = AppIcon;
				ASSETCATALOG_COMPILER_GLOBAL_ACCENT_COLOR_NAME = AccentColor;
				CODE_SIGN_STYLE = Automatic;
				CURRENT_PROJECT_VERSION = 1;
				DEVELOPMENT_ASSET_PATHS = "\"Appetizers/Preview Content\"";
				DEVELOPMENT_TEAM = 4Q9AR3GVZA;
				ENABLE_PREVIEWS = YES;
				GENERATE_INFOPLIST_FILE = YES;
				INFOPLIST_KEY_UIApplicationSceneManifest_Generation = YES;
				INFOPLIST_KEY_UIApplicationSupportsIndirectInputEvents = YES;
				INFOPLIST_KEY_UILaunchScreen_Generation = YES;
				INFOPLIST_KEY_UISupportedInterfaceOrientations_iPad = "UIInterfaceOrientationPortrait UIInterfaceOrientationPortraitUpsideDown UIInterfaceOrientationLandscapeLeft UIInterfaceOrientationLandscapeRight";
				INFOPLIST_KEY_UISupportedInterfaceOrientations_iPhone = "UIInterfaceOrientationPortrait UIInterfaceOrientationLandscapeLeft UIInterfaceOrientationLandscapeRight";
				LD_RUNPATH_SEARCH_PATHS = (
					"$(inherited)",
					"@executable_path/Frameworks",
				);
				MARKETING_VERSION = 1.0;
				PRODUCT_BUNDLE_IDENTIFIER = robert.Appetizers;
				PRODUCT_NAME = "$(TARGET_NAME)";
				SWIFT_EMIT_LOC_STRINGS = YES;
				SWIFT_VERSION = 5.0;
				TARGETED_DEVICE_FAMILY = "1,2";
			};
			name = Debug;
		};
		1A4A979C2C21C9AF0062D914 /* Release */ = {
			isa = XCBuildConfiguration;
			buildSettings = {
				ASSETCATALOG_COMPILER_APPICON_NAME = AppIcon;
				ASSETCATALOG_COMPILER_GLOBAL_ACCENT_COLOR_NAME = AccentColor;
				CODE_SIGN_STYLE = Automatic;
				CURRENT_PROJECT_VERSION = 1;
				DEVELOPMENT_ASSET_PATHS = "\"Appetizers/Preview Content\"";
				DEVELOPMENT_TEAM = 4Q9AR3GVZA;
				ENABLE_PREVIEWS = YES;
				GENERATE_INFOPLIST_FILE = YES;
				INFOPLIST_KEY_UIApplicationSceneManifest_Generation = YES;
				INFOPLIST_KEY_UIApplicationSupportsIndirectInputEvents = YES;
				INFOPLIST_KEY_UILaunchScreen_Generation = YES;
				INFOPLIST_KEY_UISupportedInterfaceOrientations_iPad = "UIInterfaceOrientationPortrait UIInterfaceOrientationPortraitUpsideDown UIInterfaceOrientationLandscapeLeft UIInterfaceOrientationLandscapeRight";
				INFOPLIST_KEY_UISupportedInterfaceOrientations_iPhone = "UIInterfaceOrientationPortrait UIInterfaceOrientationLandscapeLeft UIInterfaceOrientationLandscapeRight";
				LD_RUNPATH_SEARCH_PATHS = (
					"$(inherited)",
					"@executable_path/Frameworks",
				);
				MARKETING_VERSION = 1.0;
				PRODUCT_BUNDLE_IDENTIFIER = robert.Appetizers;
				PRODUCT_NAME = "$(TARGET_NAME)";
				SWIFT_EMIT_LOC_STRINGS = YES;
				SWIFT_VERSION = 5.0;
				TARGETED_DEVICE_FAMILY = "1,2";
			};
			name = Release;
		};
/* End XCBuildConfiguration section */

/* Begin XCConfigurationList section */
		1A4A97872C21C9AE0062D914 /* Build configuration list for PBXProject "Appetizers" */ = {
			isa = XCConfigurationList;
			buildConfigurations = (
				1A4A97982C21C9AF0062D914 /* Debug */,
				1A4A97992C21C9AF0062D914 /* Release */,
			);
			defaultConfigurationIsVisible = 0;
			defaultConfigurationName = Release;
		};
		1A4A979A2C21C9AF0062D914 /* Build configuration list for PBXNativeTarget "Appetizers" */ = {
			isa = XCConfigurationList;
			buildConfigurations = (
				1A4A979B2C21C9AF0062D914 /* Debug */,
				1A4A979C2C21C9AF0062D914 /* Release */,
			);
			defaultConfigurationIsVisible = 0;
			defaultConfigurationName = Release;
		};
/* End XCConfigurationList section */
	};
	rootObject = 1A4A97842C21C9AE0062D914 /* Project object */;
}
